{
  "name": "playwright-practice",
  "version": "1.0.0",
  "lockfileVersion": 3,
  "requires": true,
  "packages": {
    "": {
      "name": "playwright-practice",
      "version": "1.0.0",
      "license": "ISC",
      "dependencies": {
        "2captcha": "^3.0.5"
      },
      "devDependencies": {
        "@playwright/test": "^1.32.3"
      }
    },
    "node_modules/@playwright/test": {
      "version": "1.32.3",
      "resolved": "https://registry.npmjs.org/@playwright/test/-/test-1.32.3.tgz",
      "integrity": "sha512-BvWNvK0RfBriindxhLVabi8BRe3X0J9EVjKlcmhxjg4giWBD/xleLcg2dz7Tx0agu28rczjNIPQWznwzDwVsZQ==",
      "dev": true,
      "dependencies": {
        "@types/node": "*",
        "playwright-core": "1.32.3"
      },
      "bin": {
        "playwright": "cli.js"
      },
      "engines": {
        "node": ">=14"
      },
      "optionalDependencies": {
        "fsevents": "2.3.2"
      }
    },
    "node_modules/@types/node": {
      "version": "18.16.0",
      "resolved": "https://registry.npmjs.org/@types/node/-/node-18.16.0.tgz",
      "integrity": "sha512-BsAaKhB+7X+H4GnSjGhJG9Qi8Tw+inU9nJDwmD5CgOmBLEI6ArdhikpLX7DjbjDRDTbqZzU2LSQNZg8WGPiSZQ==",
      "dev": true
    },
    "node_modules/2captcha": {
      "version": "3.0.5",
      "resolved": "https://registry.npmjs.org/2captcha/-/2captcha-3.0.5.tgz",
      "integrity": "sha512-YAE6kseEzAqT3o0yLLswKZLM46a2iBSfDOU8qPKj8Fh4MN0R1sC+Mm2YMq367NhxHqWMNqlSnM7o4fAGXjzP5A==",
      "dependencies": {
        "node-fetch": "^2.6.1"
      }
    },
    "node_modules/fsevents": {
      "version": "2.3.2",
      "resolved": "https://registry.npmjs.org/fsevents/-/fsevents-2.3.2.tgz",
      "integrity": "sha512-xiqMQR4xAeHTuB9uWm+fFRcIOgKBMiOBP+eXiyT7jsgVCq1bkVygt00oASowB7EdtpOHaaPgKt812P9ab+DDKA==",
      "dev": true,
      "hasInstallScript": true,
      "optional": true,
      "os": [
        "darwin"
      ],
      "engines": {
        "node": "^8.16.0 || ^10.6.0 || >=11.0.0"
      }
    },
    "node_modules/node-fetch": {
      "version": "2.6.9",
      "resolved": "https://registry.npmjs.org/node-fetch/-/node-fetch-2.6.9.tgz",
      "integrity": "sha512-DJm/CJkZkRjKKj4Zi4BsKVZh3ValV5IR5s7LVZnW+6YMh0W1BfNA8XSs6DLMGYlId5F3KnA70uu2qepcR08Qqg==",
      "dependencies": {
        "whatwg-url": "^5.0.0"
      },
      "engines": {
        "node": "4.x || >=6.0.0"
      },
      "peerDependencies": {
        "encoding": "^0.1.0"
      },
      "peerDependenciesMeta": {
        "encoding": {
          "optional": true
        }
      }
    },
    "node_modules/playwright-core": {
      "version": "1.32.3",
      "resolved": "https://registry.npmjs.org/playwright-core/-/playwright-core-1.32.3.tgz",
      "integrity": "sha512-SB+cdrnu74ZIn5Ogh/8278ngEh9NEEV0vR4sJFmK04h2iZpybfbqBY0bX6+BLYWVdV12JLLI+JEFtSnYgR+mWg==",
      "dev": true,
      "bin": {
        "playwright": "cli.js"
      },
      "engines": {
        "node": ">=14"
      }
    },
    "node_modules/tr46": {
      "version": "0.0.3",
      "resolved": "https://registry.npmjs.org/tr46/-/tr46-0.0.3.tgz",
      "integrity": "sha512-N3WMsuqV66lT30CrXNbEjx4GEwlow3v6rr4mCcv6prnfwhS01rkgyFdjPNBYd9br7LpXV1+Emh01fHnq2Gdgrw=="
    },
    "node_modules/webidl-conversions": {
      "version": "3.0.1",
      "resolved": "https://registry.npmjs.org/webidl-conversions/-/webidl-conversions-3.0.1.tgz",
      "integrity": "sha512-2JAn3z8AR6rjK8Sm8orRC0h/bcl/DqL7tRPdGZ4I1CjdF+EaMLmYxBHyXuKL849eucPFhvBoxMsflfOb8kxaeQ=="
    },
    "node_modules/whatwg-url": {
      "version": "5.0.0",
      "resolved": "https://registry.npmjs.org/whatwg-url/-/whatwg-url-5.0.0.tgz",
      "integrity": "sha512-saE57nupxk6v3HY35+jzBwYa0rKSy0XR8JSxZPwgLr7ys0IBzhGviA1/TUGJLmSVqs8pb9AnvICXEuOHLprYTw==",
      "dependencies": {
        "tr46": "~0.0.3",
        "webidl-conversions": "^3.0.0"
      }
    }
  }
}
